Microsoft Visual Studio Solution File, Format Version 12.00
Project("{FAE04EC0-301F-11D3-BF4B-00C04F79EFBC}") = "OsuHook", "OsuHook\OsuHook.csproj", "{5F7A12A3-C211-4318-94FD-92651DD730A3}"
EndProject
Project("{FAE04EC0-301F-11D3-BF4B-00C04F79EFBC}") = "OsuInjector", "OsuInjector\OsuInjector.csproj", "{126E6B3C-FD40-4DAE-B5DD-5D261CDDD20E}"
EndProject
Global
	GlobalSection(SolutionConfigurationPlatforms) = preSolution
		Debug|x86 = Debug|x86
		Release|x86 = Release|x86
	EndGlobalSection
	GlobalSection(ProjectConfigurationPlatforms) = postSolution
		{126E6B3C-FD40-4DAE-B5DD-5D261CDDD20E}.Debug|x86.ActiveCfg = Debug|x86
		{126E6B3C-FD40-4DAE-B5DD-5D261CDDD20E}.Debug|x86.Build.0 = Debug|x86
		{126E6B3C-FD40-4DAE-B5DD-5D261CDDD20E}.Release|x86.ActiveCfg = Release|x86
		{126E6B3C-FD40-4DAE-B5DD-5D261CDDD20E}.Release|x86.Build.0 = Release|x86
		{5F7A12A3-C211-4318-94FD-92651DD730A3}.Debug|x86.ActiveCfg = Debug|x86
		{5F7A12A3-C211-4318-94FD-92651DD730A3}.Debug|x86.Build.0 = Debug|x86
		{5F7A12A3-C211-4318-94FD-92651DD730A3}.Release|x86.ActiveCfg = Release|x86
		{5F7A12A3-C211-4318-94FD-92651DD730A3}.Release|x86.Build.0 = Release|x86
	EndGlobalSection
EndGlobal
