Microsoft Visual Studio Solution File, Format Version 12.00
Project("{FAE04EC0-301F-11D3-BF4B-00C04F79EFBC}") = "Osu.Patcher.Hook", "Osu.Patcher.Hook\Osu.Patcher.Hook.csproj", "{5F7A12A3-C211-4318-94FD-92651DD730A3}"
EndProject
Project("{FAE04EC0-301F-11D3-BF4B-00C04F79EFBC}") = "Osu.Patcher.Injector", "Osu.Patcher.Injector\Osu.Patcher.Injector.csproj", "{126E6B3C-FD40-4DAE-B5DD-5D261CDDD20E}"
EndProject
Project("{FAE04EC0-301F-11D3-BF4B-00C04F79EFBC}") = "Osu.Stubs", "Osu.Stubs\Osu.Stubs.csproj", "{04A4E8E0-7CF1-4120-B0A2-243F04864F37}"
EndProject
Project("{FAE04EC0-301F-11D3-BF4B-00C04F79EFBC}") = "Osu.Utils", "Osu.Utils\Osu.Utils.csproj", "{9FA3B15D-8421-4E04-BA84-85331845A01D}"
EndProject
Global
	GlobalSection(SolutionConfigurationPlatforms) = preSolution
		Debug|x86 = Debug|x86
		Release|x86 = Release|x86
	EndGlobalSection
	GlobalSection(ProjectConfigurationPlatforms) = postSolution
		{5F7A12A3-C211-4318-94FD-92651DD730A3}.Debug|x86.ActiveCfg = Debug|Any CPU
		{5F7A12A3-C211-4318-94FD-92651DD730A3}.Debug|x86.Build.0 = Debug|Any CPU
		{5F7A12A3-C211-4318-94FD-92651DD730A3}.Release|x86.ActiveCfg = Release|Any CPU
		{5F7A12A3-C211-4318-94FD-92651DD730A3}.Release|x86.Build.0 = Release|Any CPU
		{126E6B3C-FD40-4DAE-B5DD-5D261CDDD20E}.Debug|x86.ActiveCfg = Debug|Any CPU
		{126E6B3C-FD40-4DAE-B5DD-5D261CDDD20E}.Debug|x86.Build.0 = Debug|Any CPU
		{126E6B3C-FD40-4DAE-B5DD-5D261CDDD20E}.Release|x86.ActiveCfg = Release|Any CPU
		{126E6B3C-FD40-4DAE-B5DD-5D261CDDD20E}.Release|x86.Build.0 = Release|Any CPU
		{04A4E8E0-7CF1-4120-B0A2-243F04864F37}.Debug|x86.ActiveCfg = Debug|Any CPU
		{04A4E8E0-7CF1-4120-B0A2-243F04864F37}.Debug|x86.Build.0 = Debug|Any CPU
		{04A4E8E0-7CF1-4120-B0A2-243F04864F37}.Release|x86.ActiveCfg = Release|Any CPU
		{04A4E8E0-7CF1-4120-B0A2-243F04864F37}.Release|x86.Build.0 = Release|Any CPU
		{9FA3B15D-8421-4E04-BA84-85331845A01D}.Debug|x86.ActiveCfg = Debug|Any CPU
		{9FA3B15D-8421-4E04-BA84-85331845A01D}.Debug|x86.Build.0 = Debug|Any CPU
		{9FA3B15D-8421-4E04-BA84-85331845A01D}.Release|x86.ActiveCfg = Release|Any CPU
		{9FA3B15D-8421-4E04-BA84-85331845A01D}.Release|x86.Build.0 = Release|Any CPU
	EndGlobalSection
EndGlobal
