# This file is automatically @generated by Cargo.
# It is not intended for manual editing.
version = 3

[[package]]
name = "rosu"
version = "0.1.0"
dependencies = [
 "rosu-pp",
]

[[package]]
name = "rosu-pp"
version = "0.10.0"
source = "registry+https://github.com/rust-lang/crates.io-index"
checksum = "40f365961f000e9506345a6c57071c23ff983587f24187c0d624bf56a66c1e91"
